{
  "lockfileVersion": 1,
  "configVersion": 1,
  "workspaces": {
    "": {
      "name": "codex-sdk-exploration",
      "dependencies": {
        "@openai/codex-sdk": "latest",
      },
    },
  },
  "packages": {
    "@openai/codex": ["@openai/codex@0.105.0", "", { "optionalDependencies": { "@openai/codex-darwin-arm64": "npm:@openai/codex@0.105.0-darwin-arm64", "@openai/codex-darwin-x64": "npm:@openai/codex@0.105.0-darwin-x64", "@openai/codex-linux-arm64": "npm:@openai/codex@0.105.0-linux-arm64", "@openai/codex-linux-x64": "npm:@openai/codex@0.105.0-linux-x64", "@openai/codex-win32-arm64": "npm:@openai/codex@0.105.0-win32-arm64", "@openai/codex-win32-x64": "npm:@openai/codex@0.105.0-win32-x64" }, "bin": { "codex": "bin/codex.js" } }, "sha512-enoNmQs3aOgUhsKYC6kfuKEG0AogS4q01pqcySPwf9zl2r8OcKuMUoLw1v5n4Y7sd3B6qGS7UtTABqbcT5FaMA=="],

    "@openai/codex-darwin-arm64": ["@openai/codex@0.105.0-darwin-arm64", "", { "os": "darwin", "cpu": "arm64" }, "sha512-9TD7pDIg8o7itmOhyEPcC2HeVnVIOxxrrbwTvnTibMj2rHPLnY8E0JaK8QOBRNiIUlqI4WKspTMUZQg5Fegndw=="],

    "@openai/codex-darwin-x64": ["@openai/codex@0.105.0-darwin-x64", "", { "os": "darwin", "cpu": "x64" }, "sha512-00xRV2X7RwKFRY8LB99/WmVSWqhHnMV6BB4gc5x4MMuDPDslaNrGTYWdp6KBukok1ayrg0JfwazUeAawNWU5Zw=="],

    "@openai/codex-linux-arm64": ["@openai/codex@0.105.0-linux-arm64", "", { "os": "linux", "cpu": "arm64" }, "sha512-UFGyZhRB0Gtr31wFf0WDd//W3XGbZZ7mxYwf528i6rhlwabb3FIJKWrgv4DVXKQZCGiBujqAk0pr32PziElouA=="],

    "@openai/codex-linux-x64": ["@openai/codex@0.105.0-linux-x64", "", { "os": "linux", "cpu": "x64" }, "sha512-cZgNzNjspqHmXNf/CraqqQrfotw5cXO7wvkSSYs2NZjZR7Ud10u5hFeumUW1sEvb5/F9tEKsjO+WCj+bVxdrYQ=="],

    "@openai/codex-sdk": ["@openai/codex-sdk@0.105.0", "", { "dependencies": { "@openai/codex": "0.105.0" } }, "sha512-sHq9JdcZftlybuWH5846h2bezKcMpTBX7m2AH8vpqV1+1ex7Q/Prwy64b81oMjrlWooiK+sVelZFED6ZPeLCZg=="],

    "@openai/codex-win32-arm64": ["@openai/codex@0.105.0-win32-arm64", "", { "os": "win32", "cpu": "arm64" }, "sha512-OGvHTn/XAyY8889n0ZEcvUgiaPeT/rLFEFUEOzWgt5yhKiODV+zEzfruYmcvZUpzgFJ1kRQlDgKPMbW7u2r01Q=="],

    "@openai/codex-win32-x64": ["@openai/codex@0.105.0-win32-x64", "", { "os": "win32", "cpu": "x64" }, "sha512-8V26RjFeg06i4mrrhQTKLY6lcRXsm0s1cxT3lamApLccvBBAhhAOE0je6jHb5nkrncvf9x/lee+WmY0louvvGQ=="],
  }
}
